// !$*UTF8*$!
{
	archiveVersion = 1;
	classes = {
	};
	objectVersion = 50;
	objects = {

/* Begin PBXBuildFile section */
		9E4540AD22AC434C00A88653 /* AppDelegate.swift in Sources */ = {isa = PBXBuildFile; fileRef = 9E4540AC22AC434C00A88653 /* AppDelegate.swift */; };
		9E4540AF22AC434C00A88653 /* SceneDelegate.swift in Sources */ = {isa = PBXBuildFile; fileRef = 9E4540AE22AC434C00A88653 /* SceneDelegate.swift */; };
		9E4540B122AC434C00A88653 /* ContentView.swift in Sources */ = {isa = PBXBuildFile; fileRef = 9E4540B022AC434C00A88653 /* ContentView.swift */; };
		9E4540B322AC434E00A88653 /* Assets.xcassets in Resources */ = {isa = PBXBuildFile; fileRef = 9E4540B222AC434E00A88653 /* Assets.xcassets */; };
		9E4540B622AC434E00A88653 /* Preview Assets.xcassets in Resources */ = {isa = PBXBuildFile; fileRef = 9E4540B522AC434E00A88653 /* Preview Assets.xcassets */; };
		9E4540B922AC434E00A88653 /* LaunchScreen.storyboard in Resources */ = {isa = PBXBuildFile; fileRef = 9E4540B722AC434E00A88653 /* LaunchScreen.storyboard */; };
/* End PBXBuildFile section */

/* Begin PBXFileReference section */
		9E4540A922AC434C00A88653 /* FacebookSwiftUI.app */ = {isa = PBXFileReference; explicitFileType = wrapper.application; includeInIndex = 0; path = FacebookSwiftUI.app; sourceTree = BUILT_PRODUCTS_DIR; };
		9E4540AC22AC434C00A88653 /* AppDelegate.swift */ = {isa = PBXFileReference; lastKnownFileType = sourcecode.swift; path = AppDelegate.swift; sourceTree = "<group>"; };
		9E4540AE22AC434C00A88653 /* SceneDelegate.swift */ = {isa = PBXFileReference; lastKnownFileType = sourcecode.swift; path = SceneDelegate.swift; sourceTree = "<group>"; };
		9E4540B022AC434C00A88653 /* ContentView.swift */ = {isa = PBXFileReference; lastKnownFileType = sourcecode.swift; path = ContentView.swift; sourceTree = "<group>"; };
		9E4540B222AC434E00A88653 /* Assets.xcassets */ = {isa = PBXFileReference; lastKnownFileType = folder.assetcatalog; path = Assets.xcassets; sourceTree = "<group>"; };
		9E4540B522AC434E00A88653 /* Preview Assets.xcassets */ = {isa = PBXFileReference; lastKnownFileType = folder.assetcatalog; path = "Preview Assets.xcassets"; sourceTree = "<group>"; };
		9E4540B822AC434E00A88653 /* Base */ = {isa = PBXFileReference; lastKnownFileType = file.storyboard; name = Base; path = Base.lproj/LaunchScreen.storyboard; sourceTree = "<group>"; };
		9E4540BA22AC434E00A88653 /* Info.plist */ = {isa = PBXFileReference; lastKnownFileType = text.plist.xml; path = Info.plist; sourceTree = "<group>"; };
/* End PBXFileReference section */

/* Begin PBXFrameworksBuildPhase section */
		9E4540A622AC434C00A88653 /* Frameworks */ = {
			isa = PBXFrameworksBuildPhase;
			buildActionMask = 2147483647;
			files = (
			);
			runOnlyForDeploymentPostprocessing = 0;
		};
/* End PBXFrameworksBuildPhase section */

/* Begin PBXGroup section */
		9E4540A022AC434C00A88653 = {
			isa = PBXGroup;
			children = (
				9E4540AB22AC434C00A88653 /* FacebookSwiftUI */,
				9E4540AA22AC434C00A88653 /* Products */,
			);
			sourceTree = "<group>";
		};
		9E4540AA22AC434C00A88653 /* Products */ = {
			isa = PBXGroup;
			children = (
				9E4540A922AC434C00A88653 /* FacebookSwiftUI.app */,
			);
			name = Products;
			sourceTree = "<group>";
		};
		9E4540AB22AC434C00A88653 /* FacebookSwiftUI */ = {
			isa = PBXGroup;
			children = (
				9E4540AC22AC434C00A88653 /* AppDelegate.swift */,
				9E4540AE22AC434C00A88653 /* SceneDelegate.swift */,
				9E4540B022AC434C00A88653 /* ContentView.swift */,
				9E4540B222AC434E00A88653 /* Assets.xcassets */,
				9E4540B722AC434E00A88653 /* LaunchScreen.storyboard */,
				9E4540BA22AC434E00A88653 /* Info.plist */,
				9E4540B422AC434E00A88653 /* Preview Content */,
			);
			path = FacebookSwiftUI;
			sourceTree = "<group>";
		};
		9E4540B422AC434E00A88653 /* Preview Content */ = {
			isa = PBXGroup;
			children = (
				9E4540B522AC434E00A88653 /* Preview Assets.xcassets */,
			);
			path = "Preview Content";
			sourceTree = "<group>";
		};
/* End PBXGroup section */

/* Begin PBXNativeTarget section */
		9E4540A822AC434C00A88653 /* FacebookSwiftUI */ = {
			isa = PBXNativeTarget;
			buildConfigurationList = 9E4540BD22AC434E00A88653 /* Build configuration list for PBXNativeTarget "FacebookSwiftUI" */;
			buildPhases = (
				9E4540A522AC434C00A88653 /* Sources */,
				9E4540A622AC434C00A88653 /* Frameworks */,
				9E4540A722AC434C00A88653 /* Resources */,
			);
			buildRules = (
			);
			dependencies = (
			);
			name = FacebookSwiftUI;
			productName = FacebookSwiftUI;
			productReference = 9E4540A922AC434C00A88653 /* FacebookSwiftUI.app */;
			productType = "com.apple.product-type.application";
		};
/* End PBXNativeTarget section */

/* Begin PBXProject section */
		9E4540A122AC434C00A88653 /* Project object */ = {
			isa = PBXProject;
			attributes = {
				LastSwiftUpdateCheck = 1100;
				LastUpgradeCheck = 1100;
				ORGANIZATIONNAME = "Bruno Lopes de Mello";
				TargetAttributes = {
					9E4540A822AC434C00A88653 = {
						CreatedOnToolsVersion = 11.0;
					};
				};
			};
			buildConfigurationList = 9E4540A422AC434C00A88653 /* Build configuration list for PBXProject "FacebookSwiftUI" */;
			compatibilityVersion = "Xcode 9.3";
			developmentRegion = en;
			hasScannedForEncodings = 0;
			knownRegions = (
				en,
				Base,
			);
			mainGroup = 9E4540A022AC434C00A88653;
			productRefGroup = 9E4540AA22AC434C00A88653 /* Products */;
			projectDirPath = "";
			projectRoot = "";
			targets = (
				9E4540A822AC434C00A88653 /* FacebookSwiftUI */,
			);
		};
/* End PBXProject section */

/* Begin PBXResourcesBuildPhase section */
		9E4540A722AC434C00A88653 /* Resources */ = {
			isa = PBXResourcesBuildPhase;
			buildActionMask = 2147483647;
			files = (
				9E4540B922AC434E00A88653 /* LaunchScreen.storyboard in Resources */,
				9E4540B622AC434E00A88653 /* Preview Assets.xcassets in Resources */,
				9E4540B322AC434E00A88653 /* Assets.xcassets in Resources */,
			);
			runOnlyForDeploymentPostprocessing = 0;
		};
/* End PBXResourcesBuildPhase section */

/* Begin PBXSourcesBuildPhase section */
		9E4540A522AC434C00A88653 /* Sources */ = {
			isa = PBXSourcesBuildPhase;
			buildActionMask = 2147483647;
			files = (
				9E4540AD22AC434C00A88653 /* AppDelegate.swift in Sources */,
				9E4540AF22AC434C00A88653 /* SceneDelegate.swift in Sources */,
				9E4540B122AC434C00A88653 /* ContentView.swift in Sources */,
			);
			runOnlyForDeploymentPostprocessing = 0;
		};
/* End PBXSourcesBuildPhase section */

/* Begin PBXVariantGroup section */
		9E4540B722AC434E00A88653 /* LaunchScreen.storyboard */ = {
			isa = PBXVariantGroup;
			children = (
				9E4540B822AC434E00A88653 /* Base */,
			);
			name = LaunchScreen.storyboard;
			sourceTree = "<group>";
		};
/* End PBXVariantGroup section */

/* Begin XCBuildConfiguration section */
		9E4540BB22AC434E00A88653 /* Debug */ = {
			isa = XCBuildConfiguration;
			buildSettings = {
				ALWAYS_SEARCH_USER_PATHS = NO;
				CLANG_ANALYZER_NONNULL = YES;
				CLANG_ANALYZER_NUMBER_OBJECT_CONVERSION = YES_AGGRESSIVE;
				CLANG_CXX_LANGUAGE_STANDARD = "gnu++14";
				CLANG_CXX_LIBRARY = "libc++";
				CLANG_ENABLE_MODULES = YES;
				CLANG_ENABLE_OBJC_ARC = YES;
				CLANG_ENABLE_OBJC_WEAK = YES;
				CLANG_WARN_BLOCK_CAPTURE_AUTORELEASING = YES;
				CLANG_WARN_BOOL_CONVERSION = YES;
				CLANG_WARN_COMMA = YES;
				CLANG_WARN_CONSTANT_CONVERSION = YES;
				CLANG_WARN_DEPRECATED_OBJC_IMPLEMENTATIONS = YES;
				CLANG_WARN_DIRECT_OBJC_ISA_USAGE = YES_ERROR;
				CLANG_WARN_DOCUMENTATION_COMMENTS = YES;
				CLANG_WARN_EMPTY_BODY = YES;
				CLANG_WARN_ENUM_CONVERSION = YES;
				CLANG_WARN_INFINITE_RECURSION = YES;
				CLANG_WARN_INT_CONVERSION = YES;
				CLANG_WARN_NON_LITERAL_NULL_CONVERSION = YES;
				CLANG_WARN_OBJC_IMPLICIT_RETAIN_SELF = YES;
				CLANG_WARN_OBJC_LITERAL_CONVERSION = YES;
				CLANG_WARN_OBJC_ROOT_CLASS = YES_ERROR;
				CLANG_WARN_RANGE_LOOP_ANALYSIS = YES;
				CLANG_WARN_STRICT_PROTOTYPES = YES;
				CLANG_WARN_SUSPICIOUS_MOVE = YES;
				CLANG_WARN_UNGUARDED_AVAILABILITY = YES_AGGRESSIVE;
				CLANG_WARN_UNREACHABLE_CODE = YES;
				CLANG_WARN__DUPLICATE_METHOD_MATCH = YES;
				COPY_PHASE_STRIP = NO;
				DEBUG_INFORMATION_FORMAT = dwarf;
				ENABLE_STRICT_OBJC_MSGSEND = YES;
				ENABLE_TESTABILITY = YES;
				GCC_C_LANGUAGE_STANDARD = gnu11;
				GCC_DYNAMIC_NO_PIC = NO;
				GCC_NO_COMMON_BLOCKS = YES;
				GCC_OPTIMIZATION_LEVEL = 0;
				GCC_PREPROCESSOR_DEFINITIONS = (
					"DEBUG=1",
					"$(inherited)",
				);
				GCC_WARN_64_TO_32_BIT_CONVERSION = YES;
				GCC_WARN_ABOUT_RETURN_TYPE = YES_ERROR;
				GCC_WARN_UNDECLARED_SELECTOR = YES;
				GCC_WARN_UNINITIALIZED_AUTOS = YES_AGGRESSIVE;
				GCC_WARN_UNUSED_FUNCTION = YES;
				GCC_WARN_UNUSED_VARIABLE = YES;
				IPHONEOS_DEPLOYMENT_TARGET = 13.0;
				MTL_ENABLE_DEBUG_INFO = INCLUDE_SOURCE;
				MTL_FAST_MATH = YES;
				ONLY_ACTIVE_ARCH = YES;
				SDKROOT = iphoneos;
				SWIFT_ACTIVE_COMPILATION_CONDITIONS = DEBUG;
				SWIFT_OPTIMIZATION_LEVEL = "-Onone";
			};
			name = Debug;
		};
		9E4540BC22AC434E00A88653 /* Release */ = {
			isa = XCBuildConfiguration;
			buildSettings = {
				ALWAYS_SEARCH_USER_PATHS = NO;
				CLANG_ANALYZER_NONNULL = YES;
				CLANG_ANALYZER_NUMBER_OBJECT_CONVERSION = YES_AGGRESSIVE;
				CLANG_CXX_LANGUAGE_STANDARD = "gnu++14";
				CLANG_CXX_LIBRARY = "libc++";
				CLANG_ENABLE_MODULES = YES;
				CLANG_ENABLE_OBJC_ARC = YES;
				CLANG_ENABLE_OBJC_WEAK = YES;
				CLANG_WARN_BLOCK_CAPTURE_AUTORELEASING = YES;
				CLANG_WARN_BOOL_CONVERSION = YES;
				CLANG_WARN_COMMA = YES;
				CLANG_WARN_CONSTANT_CONVERSION = YES;
				CLANG_WARN_DEPRECATED_OBJC_IMPLEMENTATIONS = YES;
				CLANG_WARN_DIRECT_OBJC_ISA_USAGE = YES_ERROR;
				CLANG_WARN_DOCUMENTATION_COMMENTS = YES;
				CLANG_WARN_EMPTY_BODY = YES;
				CLANG_WARN_ENUM_CONVERSION = YES;
				CLANG_WARN_INFINITE_RECURSION = YES;
				CLANG_WARN_INT_CONVERSION = YES;
				CLANG_WARN_NON_LITERAL_NULL_CONVERSION = YES;
				CLANG_WARN_OBJC_IMPLICIT_RETAIN_SELF = YES;
				CLANG_WARN_OBJC_LITERAL_CONVERSION = YES;
				CLANG_WARN_OBJC_ROOT_CLASS = YES_ERROR;
				CLANG_WARN_RANGE_LOOP_ANALYSIS = YES;
				CLANG_WARN_STRICT_PROTOTYPES = YES;
				CLANG_WARN_SUSPICIOUS_MOVE = YES;
				CLANG_WARN_UNGUARDED_AVAILABILITY = YES_AGGRESSIVE;
				CLANG_WARN_UNREACHABLE_CODE = YES;
				CLANG_WARN__DUPLICATE_METHOD_MATCH = YES;
				COPY_PHASE_STRIP = NO;
				DEBUG_INFORMATION_FORMAT = "dwarf-with-dsym";
				ENABLE_NS_ASSERTIONS = NO;
				ENABLE_STRICT_OBJC_MSGSEND = YES;
				GCC_C_LANGUAGE_STANDARD = gnu11;
				GCC_NO_COMMON_BLOCKS = YES;
				GCC_WARN_64_TO_32_BIT_CONVERSION = YES;
				GCC_WARN_ABOUT_RETURN_TYPE = YES_ERROR;
				GCC_WARN_UNDECLARED_SELECTOR = YES;
				GCC_WARN_UNINITIALIZED_AUTOS = YES_AGGRESSIVE;
				GCC_WARN_UNUSED_FUNCTION = YES;
				GCC_WARN_UNUSED_VARIABLE = YES;
				IPHONEOS_DEPLOYMENT_TARGET = 13.0;
				MTL_ENABLE_DEBUG_INFO = NO;
				MTL_FAST_MATH = YES;
				SDKROOT = iphoneos;
				SWIFT_COMPILATION_MODE = wholemodule;
				SWIFT_OPTIMIZATION_LEVEL = "-O";
				VALIDATE_PRODUCT = YES;
			};
			name = Release;
		};
		9E4540BE22AC434E00A88653 /* Debug */ = {
			isa = XCBuildConfiguration;
			buildSettings = {
				ASSETCATALOG_COMPILER_APPICON_NAME = AppIcon;
				CODE_SIGN_STYLE = Automatic;
				DEVELOPMENT_ASSET_PATHS = "FacebookSwiftUI/Preview\\ Content";
				DEVELOPMENT_TEAM = RDTR6557FX;
				ENABLE_PREVIEWS = YES;
				INFOPLIST_FILE = FacebookSwiftUI/Info.plist;
				LD_RUNPATH_SEARCH_PATHS = (
					"$(inherited)",
					"@executable_path/Frameworks",
				);
				PRODUCT_BUNDLE_IDENTIFIER = com.brunolopes.FacebookSwiftUI;
				PRODUCT_NAME = "$(TARGET_NAME)";
				SWIFT_VERSION = 5.0;
				TARGETED_DEVICE_FAMILY = "1,2";
			};
			name = Debug;
		};
		9E4540BF22AC434E00A88653 /* Release */ = {
			isa = XCBuildConfiguration;
			buildSettings = {
				ASSETCATALOG_COMPILER_APPICON_NAME = AppIcon;
				CODE_SIGN_STYLE = Automatic;
				DEVELOPMENT_ASSET_PATHS = "FacebookSwiftUI/Preview\\ Content";
				DEVELOPMENT_TEAM = RDTR6557FX;
				ENABLE_PREVIEWS = YES;
				INFOPLIST_FILE = FacebookSwiftUI/Info.plist;
				LD_RUNPATH_SEARCH_PATHS = (
					"$(inherited)",
					"@executable_path/Frameworks",
				);
				PRODUCT_BUNDLE_IDENTIFIER = com.brunolopes.FacebookSwiftUI;
				PRODUCT_NAME = "$(TARGET_NAME)";
				SWIFT_VERSION = 5.0;
				TARGETED_DEVICE_FAMILY = "1,2";
			};
			name = Release;
		};
/* End XCBuildConfiguration section */

/* Begin XCConfigurationList section */
		9E4540A422AC434C00A88653 /* Build configuration list for PBXProject "FacebookSwiftUI" */ = {
			isa = XCConfigurationList;
			buildConfigurations = (
				9E4540BB22AC434E00A88653 /* Debug */,
				9E4540BC22AC434E00A88653 /* Release */,
			);
			defaultConfigurationIsVisible = 0;
			defaultConfigurationName = Release;
		};
		9E4540BD22AC434E00A88653 /* Build configuration list for PBXNativeTarget "FacebookSwiftUI" */ = {
			isa = XCConfigurationList;
			buildConfigurations = (
				9E4540BE22AC434E00A88653 /* Debug */,
				9E4540BF22AC434E00A88653 /* Release */,
			);
			defaultConfigurationIsVisible = 0;
			defaultConfigurationName = Release;
		};
/* End XCConfigurationList section */
	};
	rootObject = 9E4540A122AC434C00A88653 /* Project object */;
}
